
Microsoft Visual Studio Solution File, Format Version 12.00
# Visual Studio Version 17
VisualStudioVersion = 17.11.35312.102
MinimumVisualStudioVersion = 10.0.40219.1
Project("{FAE04EC0-301F-11D3-BF4B-00C04F79EFBC}") = "TimeSpan", "TimeSpan\TimeSpan.csproj", "{F65C2612-2246-46E0-BB83-31B6D0795A9B}"
EndProject
Global
	GlobalSection(SolutionConfigurationPlatforms) = preSolution
		Debug|Any CPU = Debug|Any CPU
		Release|Any CPU = Release|Any CPU
	EndGlobalSection
	GlobalSection(ProjectConfigurationPlatforms) = postSolution
		{F65C2612-2246-46E0-BB83-31B6D0795A9B}.Debug|Any CPU.ActiveCfg = Debug|Any CPU
		{F65C2612-2246-46E0-BB83-31B6D0795A9B}.Debug|Any CPU.Build.0 = Debug|Any CPU
		{F65C2612-2246-46E0-BB83-31B6D0795A9B}.Release|Any CPU.ActiveCfg = Release|Any CPU
		{F65C2612-2246-46E0-BB83-31B6D0795A9B}.Release|Any CPU.Build.0 = Release|Any CPU
	EndGlobalSection
	GlobalSection(SolutionProperties) = preSolution
		HideSolutionNode = FALSE
	EndGlobalSection
	GlobalSection(ExtensibilityGlobals) = postSolution
		SolutionGuid = {37E22882-89D3-4BF5-AE66-AAB90E8B33E6}
	EndGlobalSection
EndGlobal
