
Microsoft Visual Studio Solution File, Format Version 12.00
# Visual Studio Version 17
VisualStudioVersion = 17.11.35303.130
MinimumVisualStudioVersion = 10.0.40219.1
Project("{FAE04EC0-301F-11D3-BF4B-00C04F79EFBC}") = "Aula72", "Aula72\Aula72.csproj", "{727A7E2C-EA10-44AD-B828-F6ABA3F20C12}"
EndProject
Global
	GlobalSection(SolutionConfigurationPlatforms) = preSolution
		Debug|Any CPU = Debug|Any CPU
		Release|Any CPU = Release|Any CPU
	EndGlobalSection
	GlobalSection(ProjectConfigurationPlatforms) = postSolution
		{727A7E2C-EA10-44AD-B828-F6ABA3F20C12}.Debug|Any CPU.ActiveCfg = Debug|Any CPU
		{727A7E2C-EA10-44AD-B828-F6ABA3F20C12}.Debug|Any CPU.Build.0 = Debug|Any CPU
		{727A7E2C-EA10-44AD-B828-F6ABA3F20C12}.Release|Any CPU.ActiveCfg = Release|Any CPU
		{727A7E2C-EA10-44AD-B828-F6ABA3F20C12}.Release|Any CPU.Build.0 = Release|Any CPU
	EndGlobalSection
	GlobalSection(SolutionProperties) = preSolution
		HideSolutionNode = FALSE
	EndGlobalSection
	GlobalSection(ExtensibilityGlobals) = postSolution
		SolutionGuid = {0E78761C-400F-4AC2-AEA5-8D566A11DDF9}
	EndGlobalSection
EndGlobal
