
Microsoft Visual Studio Solution File, Format Version 12.00
# Visual Studio Version 17
VisualStudioVersion = 17.12.35514.174 d17.12
MinimumVisualStudioVersion = 10.0.40219.1
Project("{FAE04EC0-301F-11D3-BF4B-00C04F79EFBC}") = "HerancaExer", "HerancaExer\HerancaExer.csproj", "{5503B322-A067-425A-BC7E-78A51E75F9ED}"
EndProject
Global
	GlobalSection(SolutionConfigurationPlatforms) = preSolution
		Debug|Any CPU = Debug|Any CPU
		Release|Any CPU = Release|Any CPU
	EndGlobalSection
	GlobalSection(ProjectConfigurationPlatforms) = postSolution
		{5503B322-A067-425A-BC7E-78A51E75F9ED}.Debug|Any CPU.ActiveCfg = Debug|Any CPU
		{5503B322-A067-425A-BC7E-78A51E75F9ED}.Debug|Any CPU.Build.0 = Debug|Any CPU
		{5503B322-A067-425A-BC7E-78A51E75F9ED}.Release|Any CPU.ActiveCfg = Release|Any CPU
		{5503B322-A067-425A-BC7E-78A51E75F9ED}.Release|Any CPU.Build.0 = Release|Any CPU
	EndGlobalSection
	GlobalSection(SolutionProperties) = preSolution
		HideSolutionNode = FALSE
	EndGlobalSection
EndGlobal
