
Microsoft Visual Studio Solution File, Format Version 12.00
# Visual Studio Version 17
VisualStudioVersion = 17.12.35527.113 d17.12
MinimumVisualStudioVersion = 10.0.40219.1
Project("{FAE04EC0-301F-11D3-BF4B-00C04F79EFBC}") = "Secao11_Exercicio", "Secao11_Exercicio\Secao11_Exercicio.csproj", "{CDCE7839-8308-48CB-A80D-85E9DCFF23E3}"
EndProject
Global
	GlobalSection(SolutionConfigurationPlatforms) = preSolution
		Debug|Any CPU = Debug|Any CPU
		Release|Any CPU = Release|Any CPU
	EndGlobalSection
	GlobalSection(ProjectConfigurationPlatforms) = postSolution
		{CDCE7839-8308-48CB-A80D-85E9DCFF23E3}.Debug|Any CPU.ActiveCfg = Debug|Any CPU
		{CDCE7839-8308-48CB-A80D-85E9DCFF23E3}.Debug|Any CPU.Build.0 = Debug|Any CPU
		{CDCE7839-8308-48CB-A80D-85E9DCFF23E3}.Release|Any CPU.ActiveCfg = Release|Any CPU
		{CDCE7839-8308-48CB-A80D-85E9DCFF23E3}.Release|Any CPU.Build.0 = Release|Any CPU
	EndGlobalSection
	GlobalSection(SolutionProperties) = preSolution
		HideSolutionNode = FALSE
	EndGlobalSection
EndGlobal
