
Microsoft Visual Studio Solution File, Format Version 12.00
# Visual Studio Version 17
VisualStudioVersion = 17.9.34714.143
MinimumVisualStudioVersion = 10.0.40219.1
Project("{8BC9CEB8-8B4A-11D0-8D11-00A0C91BC942}") = "ConsoleApplication1", "ConsoleApplication1\ConsoleApplication1.vcxproj", "{B89136E7-E002-4CB3-8958-6B38D63F77E3}"
EndProject
Global
	GlobalSection(SolutionConfigurationPlatforms) = preSolution
		Debug|x64 = Debug|x64
		Debug|x86 = Debug|x86
		Release|x64 = Release|x64
		Release|x86 = Release|x86
	EndGlobalSection
	GlobalSection(ProjectConfigurationPlatforms) = postSolution
		{B89136E7-E002-4CB3-8958-6B38D63F77E3}.Debug|x64.ActiveCfg = Debug|x64
		{B89136E7-E002-4CB3-8958-6B38D63F77E3}.Debug|x64.Build.0 = Debug|x64
		{B89136E7-E002-4CB3-8958-6B38D63F77E3}.Debug|x86.ActiveCfg = Debug|Win32
		{B89136E7-E002-4CB3-8958-6B38D63F77E3}.Debug|x86.Build.0 = Debug|Win32
		{B89136E7-E002-4CB3-8958-6B38D63F77E3}.Release|x64.ActiveCfg = Release|x64
		{B89136E7-E002-4CB3-8958-6B38D63F77E3}.Release|x64.Build.0 = Release|x64
		{B89136E7-E002-4CB3-8958-6B38D63F77E3}.Release|x86.ActiveCfg = Release|Win32
		{B89136E7-E002-4CB3-8958-6B38D63F77E3}.Release|x86.Build.0 = Release|Win32
	EndGlobalSection
	GlobalSection(SolutionProperties) = preSolution
		HideSolutionNode = FALSE
	EndGlobalSection
	GlobalSection(ExtensibilityGlobals) = postSolution
		SolutionGuid = {25E35ABB-C99B-46CD-9957-5533804B5B8E}
	EndGlobalSection
EndGlobal
