
Microsoft Visual Studio Solution File, Format Version 12.00
# Visual Studio Version 17
VisualStudioVersion = 17.11.35222.181
MinimumVisualStudioVersion = 10.0.40219.1
Project("{FAE04EC0-301F-11D3-BF4B-00C04F79EFBC}") = "ExercicioBanco", "ExercicioBanco\ExercicioBanco.csproj", "{B50C86E2-EC2B-44A9-BD61-4E87550EA4E0}"
EndProject
Global
	GlobalSection(SolutionConfigurationPlatforms) = preSolution
		Debug|Any CPU = Debug|Any CPU
		Release|Any CPU = Release|Any CPU
	EndGlobalSection
	GlobalSection(ProjectConfigurationPlatforms) = postSolution
		{B50C86E2-EC2B-44A9-BD61-4E87550EA4E0}.Debug|Any CPU.ActiveCfg = Debug|Any CPU
		{B50C86E2-EC2B-44A9-BD61-4E87550EA4E0}.Debug|Any CPU.Build.0 = Debug|Any CPU
		{B50C86E2-EC2B-44A9-BD61-4E87550EA4E0}.Release|Any CPU.ActiveCfg = Release|Any CPU
		{B50C86E2-EC2B-44A9-BD61-4E87550EA4E0}.Release|Any CPU.Build.0 = Release|Any CPU
	EndGlobalSection
	GlobalSection(SolutionProperties) = preSolution
		HideSolutionNode = FALSE
	EndGlobalSection
	GlobalSection(ExtensibilityGlobals) = postSolution
		SolutionGuid = {BFDE9F74-644C-4451-A903-FD03D9519515}
	EndGlobalSection
EndGlobal
