
Microsoft Visual Studio Solution File, Format Version 12.00
# Visual Studio Version 17
VisualStudioVersion = 17.11.35222.181
MinimumVisualStudioVersion = 10.0.40219.1
Project("{FAE04EC0-301F-11D3-BF4B-00C04F79EFBC}") = "ExercicioProdutos", "ExercicioProdutos\ExercicioProdutos.csproj", "{3F9B8B95-824E-4A69-B824-82293599D796}"
EndProject
Global
	GlobalSection(SolutionConfigurationPlatforms) = preSolution
		Debug|Any CPU = Debug|Any CPU
		Release|Any CPU = Release|Any CPU
	EndGlobalSection
	GlobalSection(ProjectConfigurationPlatforms) = postSolution
		{3F9B8B95-824E-4A69-B824-82293599D796}.Debug|Any CPU.ActiveCfg = Debug|Any CPU
		{3F9B8B95-824E-4A69-B824-82293599D796}.Debug|Any CPU.Build.0 = Debug|Any CPU
		{3F9B8B95-824E-4A69-B824-82293599D796}.Release|Any CPU.ActiveCfg = Release|Any CPU
		{3F9B8B95-824E-4A69-B824-82293599D796}.Release|Any CPU.Build.0 = Release|Any CPU
	EndGlobalSection
	GlobalSection(SolutionProperties) = preSolution
		HideSolutionNode = FALSE
	EndGlobalSection
	GlobalSection(ExtensibilityGlobals) = postSolution
		SolutionGuid = {0919A011-674E-44E2-98C0-8EAB763DF33F}
	EndGlobalSection
EndGlobal
