
Microsoft Visual Studio Solution File, Format Version 12.00
# Visual Studio Version 17
VisualStudioVersion = 17.11.35303.130
MinimumVisualStudioVersion = 10.0.40219.1
Project("{FAE04EC0-301F-11D3-BF4B-00C04F79EFBC}") = "Vetores", "Vetores\Vetores.csproj", "{F6B5DA51-EE30-4A3A-AD30-EC8FEB1E60FD}"
EndProject
Global
	GlobalSection(SolutionConfigurationPlatforms) = preSolution
		Debug|Any CPU = Debug|Any CPU
		Release|Any CPU = Release|Any CPU
	EndGlobalSection
	GlobalSection(ProjectConfigurationPlatforms) = postSolution
		{F6B5DA51-EE30-4A3A-AD30-EC8FEB1E60FD}.Debug|Any CPU.ActiveCfg = Debug|Any CPU
		{F6B5DA51-EE30-4A3A-AD30-EC8FEB1E60FD}.Debug|Any CPU.Build.0 = Debug|Any CPU
		{F6B5DA51-EE30-4A3A-AD30-EC8FEB1E60FD}.Release|Any CPU.ActiveCfg = Release|Any CPU
		{F6B5DA51-EE30-4A3A-AD30-EC8FEB1E60FD}.Release|Any CPU.Build.0 = Release|Any CPU
	EndGlobalSection
	GlobalSection(SolutionProperties) = preSolution
		HideSolutionNode = FALSE
	EndGlobalSection
	GlobalSection(ExtensibilityGlobals) = postSolution
		SolutionGuid = {2EF3E959-F7F9-4A24-8ABD-B0F6A31B89C2}
	EndGlobalSection
EndGlobal
